
Microsoft Visual Studio Solution File, Format Version 12.00
# Visual Studio Version 16
VisualStudioVersion = 16.0.30204.135
MinimumVisualStudioVersion = 10.0.40219.1
Project("{FAE04EC0-301F-11D3-BF4B-00C04F79EFBC}") = "ProductManagementUi", "ProductManagementUi\ProductManagementUi.csproj", "{18CBE541-AFA8-4CF0-B7B1-D9B055E50FC8}"
EndProject
Project("{FAE04EC0-301F-11D3-BF4B-00C04F79EFBC}") = "ProductManagement.Repository", "ProductManagement.Repository\ProductManagement.Repository.csproj", "{3655417D-CBB0-45EB-B90B-8733010BF3BE}"
EndProject
Project("{FAE04EC0-301F-11D3-BF4B-00C04F79EFBC}") = "ProductManegement.Core", "ProductManegement.Core\ProductManegement.Core.csproj", "{9DB8D642-F5BE-4D03-8A36-26EE807CE61F}"
EndProject
Project("{FAE04EC0-301F-11D3-BF4B-00C04F79EFBC}") = "ProductManagement.Service", "ProductService.cs\ProductManagement.Service.csproj", "{331EE80D-D181-45E8-BCDF-EC6961CC45D5}"
EndProject
Global
	GlobalSection(SolutionConfigurationPlatforms) = preSolution
		Debug|Any CPU = Debug|Any CPU
		Release|Any CPU = Release|Any CPU
	EndGlobalSection
	GlobalSection(ProjectConfigurationPlatforms) = postSolution
		{18CBE541-AFA8-4CF0-B7B1-D9B055E50FC8}.Debug|Any CPU.ActiveCfg = Debug|Any CPU
		{18CBE541-AFA8-4CF0-B7B1-D9B055E50FC8}.Debug|Any CPU.Build.0 = Debug|Any CPU
		{18CBE541-AFA8-4CF0-B7B1-D9B055E50FC8}.Release|Any CPU.ActiveCfg = Release|Any CPU
		{18CBE541-AFA8-4CF0-B7B1-D9B055E50FC8}.Release|Any CPU.Build.0 = Release|Any CPU
		{3655417D-CBB0-45EB-B90B-8733010BF3BE}.Debug|Any CPU.ActiveCfg = Debug|Any CPU
		{3655417D-CBB0-45EB-B90B-8733010BF3BE}.Debug|Any CPU.Build.0 = Debug|Any CPU
		{3655417D-CBB0-45EB-B90B-8733010BF3BE}.Release|Any CPU.ActiveCfg = Release|Any CPU
		{3655417D-CBB0-45EB-B90B-8733010BF3BE}.Release|Any CPU.Build.0 = Release|Any CPU
		{9DB8D642-F5BE-4D03-8A36-26EE807CE61F}.Debug|Any CPU.ActiveCfg = Debug|Any CPU
		{9DB8D642-F5BE-4D03-8A36-26EE807CE61F}.Debug|Any CPU.Build.0 = Debug|Any CPU
		{9DB8D642-F5BE-4D03-8A36-26EE807CE61F}.Release|Any CPU.ActiveCfg = Release|Any CPU
		{9DB8D642-F5BE-4D03-8A36-26EE807CE61F}.Release|Any CPU.Build.0 = Release|Any CPU
		{331EE80D-D181-45E8-BCDF-EC6961CC45D5}.Debug|Any CPU.ActiveCfg = Debug|Any CPU
		{331EE80D-D181-45E8-BCDF-EC6961CC45D5}.Debug|Any CPU.Build.0 = Debug|Any CPU
		{331EE80D-D181-45E8-BCDF-EC6961CC45D5}.Release|Any CPU.ActiveCfg = Release|Any CPU
		{331EE80D-D181-45E8-BCDF-EC6961CC45D5}.Release|Any CPU.Build.0 = Release|Any CPU
	EndGlobalSection
	GlobalSection(SolutionProperties) = preSolution
		HideSolutionNode = FALSE
	EndGlobalSection
	GlobalSection(ExtensibilityGlobals) = postSolution
		SolutionGuid = {A769FB55-4765-46B5-BD50-681C83174585}
	EndGlobalSection
EndGlobal
